// !$*UTF8*$!
{
	archiveVersion = 1;
	classes = {
	};
	objectVersion = 46;
	objects = {

/* Begin PBXBuildFile section */
		05F1666118290E6500DB51E7 /* Foundation.framework in Frameworks */ = {isa = PBXBuildFile; fileRef = 05F1666018290E6500DB51E7 /* Foundation.framework */; };
		05F1666318290E6500DB51E7 /* CoreGraphics.framework in Frameworks */ = {isa = PBXBuildFile; fileRef = 05F1666218290E6500DB51E7 /* CoreGraphics.framework */; };
		05F1666518290E6500DB51E7 /* UIKit.framework in Frameworks */ = {isa = PBXBuildFile; fileRef = 05F1666418290E6500DB51E7 /* UIKit.framework */; };
		05F1666B18290E6600DB51E7 /* InfoPlist.strings in Resources */ = {isa = PBXBuildFile; fileRef = 05F1666918290E6600DB51E7 /* InfoPlist.strings */; };
		05F1666D18290E6600DB51E7 /* main.m in Sources */ = {isa = PBXBuildFile; fileRef = 05F1666C18290E6600DB51E7 /* main.m */; };
		05F1667118290E6600DB51E7 /* AppDelegate.m in Sources */ = {isa = PBXBuildFile; fileRef = 05F1667018290E6600DB51E7 /* AppDelegate.m */; };
		05F1667418290E6600DB51E7 /* Main.storyboard in Resources */ = {isa = PBXBuildFile; fileRef = 05F1667218290E6600DB51E7 /* Main.storyboard */; };
		05F1667718290E6600DB51E7 /* ViewController.m in Sources */ = {isa = PBXBuildFile; fileRef = 05F1667618290E6600DB51E7 /* ViewController.m */; };
		05F1667918290E6600DB51E7 /* Images.xcassets in Resources */ = {isa = PBXBuildFile; fileRef = 05F1667818290E6600DB51E7 /* Images.xcassets */; };
		05F1668018290E6600DB51E7 /* XCTest.framework in Frameworks */ = {isa = PBXBuildFile; fileRef = 05F1667F18290E6600DB51E7 /* XCTest.framework */; };
		05F1668118290E6600DB51E7 /* Foundation.framework in Frameworks */ = {isa = PBXBuildFile; fileRef = 05F1666018290E6500DB51E7 /* Foundation.framework */; };
		05F1668218290E6600DB51E7 /* UIKit.framework in Frameworks */ = {isa = PBXBuildFile; fileRef = 05F1666418290E6500DB51E7 /* UIKit.framework */; };
		05F1668A18290E6600DB51E7 /* InfoPlist.strings in Resources */ = {isa = PBXBuildFile; fileRef = 05F1668818290E6600DB51E7 /* InfoPlist.strings */; };
		05F1668C18290E6600DB51E7 /* ColorPaletteProjectTests.m in Sources */ = {isa = PBXBuildFile; fileRef = 05F1668B18290E6600DB51E7 /* ColorPaletteProjectTests.m */; };
/* End PBXBuildFile section */

/* Begin PBXContainerItemProxy section */
		05F1668318290E6600DB51E7 /* PBXContainerItemProxy */ = {
			isa = PBXContainerItemProxy;
			containerPortal = 05F1665518290E6500DB51E7 /* Project object */;
			proxyType = 1;
			remoteGlobalIDString = 05F1665C18290E6500DB51E7;
			remoteInfo = ColorPaletteProject;
		};
/* End PBXContainerItemProxy section */

/* Begin PBXFileReference section */
		05F1665D18290E6500DB51E7 /* ColorPaletteProject.app */ = {isa = PBXFileReference; explicitFileType = wrapper.application; includeInIndex = 0; path = ColorPaletteProject.app; sourceTree = BUILT_PRODUCTS_DIR; };
		05F1666018290E6500DB51E7 /* Foundation.framework */ = {isa = PBXFileReference; lastKnownFileType = wrapper.framework; name = Foundation.framework; path = System/Library/Frameworks/Foundation.framework; sourceTree = SDKROOT; };
		05F1666218290E6500DB51E7 /* CoreGraphics.framework */ = {isa = PBXFileReference; lastKnownFileType = wrapper.framework; name = CoreGraphics.framework; path = System/Library/Frameworks/CoreGraphics.framework; sourceTree = SDKROOT; };
		05F1666418290E6500DB51E7 /* UIKit.framework */ = {isa = PBXFileReference; lastKnownFileType = wrapper.framework; name = UIKit.framework; path = System/Library/Frameworks/UIKit.framework; sourceTree = SDKROOT; };
		05F1666818290E6600DB51E7 /* ColorPaletteProject-Info.plist */ = {isa = PBXFileReference; lastKnownFileType = text.plist.xml; path = "ColorPaletteProject-Info.plist"; sourceTree = "<group>"; };
		05F1666A18290E6600DB51E7 /* en */ = {isa = PBXFileReference; lastKnownFileType = text.plist.strings; name = en; path = en.lproj/InfoPlist.strings; sourceTree = "<group>"; };
		05F1666C18290E6600DB51E7 /* main.m */ = {isa = PBXFileReference; lastKnownFileType = sourcecode.c.objc; path = main.m; sourceTree = "<group>"; };
		05F1666E18290E6600DB51E7 /* ColorPaletteProject-Prefix.pch */ = {isa = PBXFileReference; lastKnownFileType = sourcecode.c.h; path = "ColorPaletteProject-Prefix.pch"; sourceTree = "<group>"; };
		05F1666F18290E6600DB51E7 /* AppDelegate.h */ = {isa = PBXFileReference; lastKnownFileType = sourcecode.c.h; path = AppDelegate.h; sourceTree = "<group>"; };
		05F1667018290E6600DB51E7 /* AppDelegate.m */ = {isa = PBXFileReference; lastKnownFileType = sourcecode.c.objc; path = AppDelegate.m; sourceTree = "<group>"; };
		05F1667318290E6600DB51E7 /* Base */ = {isa = PBXFileReference; lastKnownFileType = file.storyboard; name = Base; path = Base.lproj/Main.storyboard; sourceTree = "<group>"; };
		05F1667518290E6600DB51E7 /* ViewController.h */ = {isa = PBXFileReference; lastKnownFileType = sourcecode.c.h; path = ViewController.h; sourceTree = "<group>"; };
		05F1667618290E6600DB51E7 /* ViewController.m */ = {isa = PBXFileReference; lastKnownFileType = sourcecode.c.objc; path = ViewController.m; sourceTree = "<group>"; };
		05F1667818290E6600DB51E7 /* Images.xcassets */ = {isa = PBXFileReference; lastKnownFileType = folder.assetcatalog; path = Images.xcassets; sourceTree = "<group>"; };
		05F1667E18290E6600DB51E7 /* ColorPaletteProjectTests.xctest */ = {isa = PBXFileReference; explicitFileType = wrapper.cfbundle; includeInIndex = 0; path = ColorPaletteProjectTests.xctest; sourceTree = BUILT_PRODUCTS_DIR; };
		05F1667F18290E6600DB51E7 /* XCTest.framework */ = {isa = PBXFileReference; lastKnownFileType = wrapper.framework; name = XCTest.framework; path = Library/Frameworks/XCTest.framework; sourceTree = DEVELOPER_DIR; };
		05F1668718290E6600DB51E7 /* ColorPaletteProjectTests-Info.plist */ = {isa = PBXFileReference; lastKnownFileType = text.plist.xml; path = "ColorPaletteProjectTests-Info.plist"; sourceTree = "<group>"; };
		05F1668918290E6600DB51E7 /* en */ = {isa = PBXFileReference; lastKnownFileType = text.plist.strings; name = en; path = en.lproj/InfoPlist.strings; sourceTree = "<group>"; };
		05F1668B18290E6600DB51E7 /* ColorPaletteProjectTests.m */ = {isa = PBXFileReference; lastKnownFileType = sourcecode.c.objc; path = ColorPaletteProjectTests.m; sourceTree = "<group>"; };
/* End PBXFileReference section */

/* Begin PBXFrameworksBuildPhase section */
		05F1665A18290E6500DB51E7 /* Frameworks */ = {
			isa = PBXFrameworksBuildPhase;
			buildActionMask = 2147483647;
			files = (
				05F1666318290E6500DB51E7 /* CoreGraphics.framework in Frameworks */,
				05F1666518290E6500DB51E7 /* UIKit.framework in Frameworks */,
				05F1666118290E6500DB51E7 /* Foundation.framework in Frameworks */,
			);
			runOnlyForDeploymentPostprocessing = 0;
		};
		05F1667B18290E6600DB51E7 /* Frameworks */ = {
			isa = PBXFrameworksBuildPhase;
			buildActionMask = 2147483647;
			files = (
				05F1668018290E6600DB51E7 /* XCTest.framework in Frameworks */,
				05F1668218290E6600DB51E7 /* UIKit.framework in Frameworks */,
				05F1668118290E6600DB51E7 /* Foundation.framework in Frameworks */,
			);
			runOnlyForDeploymentPostprocessing = 0;
		};
/* End PBXFrameworksBuildPhase section */

/* Begin PBXGroup section */
		05F1665418290E6500DB51E7 = {
			isa = PBXGroup;
			children = (
				05F1666618290E6500DB51E7 /* ColorPaletteProject */,
				05F1668518290E6600DB51E7 /* ColorPaletteProjectTests */,
				05F1665F18290E6500DB51E7 /* Frameworks */,
				05F1665E18290E6500DB51E7 /* Products */,
			);
			sourceTree = "<group>";
		};
		05F1665E18290E6500DB51E7 /* Products */ = {
			isa = PBXGroup;
			children = (
				05F1665D18290E6500DB51E7 /* ColorPaletteProject.app */,
				05F1667E18290E6600DB51E7 /* ColorPaletteProjectTests.xctest */,
			);
			name = Products;
			sourceTree = "<group>";
		};
		05F1665F18290E6500DB51E7 /* Frameworks */ = {
			isa = PBXGroup;
			children = (
				05F1666018290E6500DB51E7 /* Foundation.framework */,
				05F1666218290E6500DB51E7 /* CoreGraphics.framework */,
				05F1666418290E6500DB51E7 /* UIKit.framework */,
				05F1667F18290E6600DB51E7 /* XCTest.framework */,
			);
			name = Frameworks;
			sourceTree = "<group>";
		};
		05F1666618290E6500DB51E7 /* ColorPaletteProject */ = {
			isa = PBXGroup;
			children = (
				05F1666F18290E6600DB51E7 /* AppDelegate.h */,
				05F1667018290E6600DB51E7 /* AppDelegate.m */,
				05F1667218290E6600DB51E7 /* Main.storyboard */,
				05F1667518290E6600DB51E7 /* ViewController.h */,
				05F1667618290E6600DB51E7 /* ViewController.m */,
				05F1667818290E6600DB51E7 /* Images.xcassets */,
				05F1666718290E6600DB51E7 /* Supporting Files */,
			);
			path = ColorPaletteProject;
			sourceTree = "<group>";
		};
		05F1666718290E6600DB51E7 /* Supporting Files */ = {
			isa = PBXGroup;
			children = (
				05F1666818290E6600DB51E7 /* ColorPaletteProject-Info.plist */,
				05F1666918290E6600DB51E7 /* InfoPlist.strings */,
				05F1666C18290E6600DB51E7 /* main.m */,
				05F1666E18290E6600DB51E7 /* ColorPaletteProject-Prefix.pch */,
			);
			name = "Supporting Files";
			sourceTree = "<group>";
		};
		05F1668518290E6600DB51E7 /* ColorPaletteProjectTests */ = {
			isa = PBXGroup;
			children = (
				05F1668B18290E6600DB51E7 /* ColorPaletteProjectTests.m */,
				05F1668618290E6600DB51E7 /* Supporting Files */,
			);
			path = ColorPaletteProjectTests;
			sourceTree = "<group>";
		};
		05F1668618290E6600DB51E7 /* Supporting Files */ = {
			isa = PBXGroup;
			children = (
				05F1668718290E6600DB51E7 /* ColorPaletteProjectTests-Info.plist */,
				05F1668818290E6600DB51E7 /* InfoPlist.strings */,
			);
			name = "Supporting Files";
			sourceTree = "<group>";
		};
/* End PBXGroup section */

/* Begin PBXNativeTarget section */
		05F1665C18290E6500DB51E7 /* ColorPaletteProject */ = {
			isa = PBXNativeTarget;
			buildConfigurationList = 05F1668F18290E6600DB51E7 /* Build configuration list for PBXNativeTarget "ColorPaletteProject" */;
			buildPhases = (
				05F1665918290E6500DB51E7 /* Sources */,
				05F1665A18290E6500DB51E7 /* Frameworks */,
				05F1665B18290E6500DB51E7 /* Resources */,
			);
			buildRules = (
			);
			dependencies = (
			);
			name = ColorPaletteProject;
			productName = ColorPaletteProject;
			productReference = 05F1665D18290E6500DB51E7 /* ColorPaletteProject.app */;
			productType = "com.apple.product-type.application";
		};
		05F1667D18290E6600DB51E7 /* ColorPaletteProjectTests */ = {
			isa = PBXNativeTarget;
			buildConfigurationList = 05F1669218290E6600DB51E7 /* Build configuration list for PBXNativeTarget "ColorPaletteProjectTests" */;
			buildPhases = (
				05F1667A18290E6600DB51E7 /* Sources */,
				05F1667B18290E6600DB51E7 /* Frameworks */,
				05F1667C18290E6600DB51E7 /* Resources */,
			);
			buildRules = (
			);
			dependencies = (
				05F1668418290E6600DB51E7 /* PBXTargetDependency */,
			);
			name = ColorPaletteProjectTests;
			productName = ColorPaletteProjectTests;
			productReference = 05F1667E18290E6600DB51E7 /* ColorPaletteProjectTests.xctest */;
			productType = "com.apple.product-type.bundle.unit-test";
		};
/* End PBXNativeTarget section */

/* Begin PBXProject section */
		05F1665518290E6500DB51E7 /* Project object */ = {
			isa = PBXProject;
			attributes = {
				LastUpgradeCheck = 0500;
				ORGANIZATIONNAME = "Happtech Development";
				TargetAttributes = {
					05F1667D18290E6600DB51E7 = {
						TestTargetID = 05F1665C18290E6500DB51E7;
					};
				};
			};
			buildConfigurationList = 05F1665818290E6500DB51E7 /* Build configuration list for PBXProject "ColorPaletteProject" */;
			compatibilityVersion = "Xcode 3.2";
			developmentRegion = English;
			hasScannedForEncodings = 0;
			knownRegions = (
				en,
				Base,
			);
			mainGroup = 05F1665418290E6500DB51E7;
			productRefGroup = 05F1665E18290E6500DB51E7 /* Products */;
			projectDirPath = "";
			projectRoot = "";
			targets = (
				05F1665C18290E6500DB51E7 /* ColorPaletteProject */,
				05F1667D18290E6600DB51E7 /* ColorPaletteProjectTests */,
			);
		};
/* End PBXProject section */

/* Begin PBXResourcesBuildPhase section */
		05F1665B18290E6500DB51E7 /* Resources */ = {
			isa = PBXResourcesBuildPhase;
			buildActionMask = 2147483647;
			files = (
				05F1667918290E6600DB51E7 /* Images.xcassets in Resources */,
				05F1666B18290E6600DB51E7 /* InfoPlist.strings in Resources */,
				05F1667418290E6600DB51E7 /* Main.storyboard in Resources */,
			);
			runOnlyForDeploymentPostprocessing = 0;
		};
		05F1667C18290E6600DB51E7 /* Resources */ = {
			isa = PBXResourcesBuildPhase;
			buildActionMask = 2147483647;
			files = (
				05F1668A18290E6600DB51E7 /* InfoPlist.strings in Resources */,
			);
			runOnlyForDeploymentPostprocessing = 0;
		};
/* End PBXResourcesBuildPhase section */

/* Begin PBXSourcesBuildPhase section */
		05F1665918290E6500DB51E7 /* Sources */ = {
			isa = PBXSourcesBuildPhase;
			buildActionMask = 2147483647;
			files = (
				05F1667718290E6600DB51E7 /* ViewController.m in Sources */,
				05F1667118290E6600DB51E7 /* AppDelegate.m in Sources */,
				05F1666D18290E6600DB51E7 /* main.m in Sources */,
			);
			runOnlyForDeploymentPostprocessing = 0;
		};
		05F1667A18290E6600DB51E7 /* Sources */ = {
			isa = PBXSourcesBuildPhase;
			buildActionMask = 2147483647;
			files = (
				05F1668C18290E6600DB51E7 /* ColorPaletteProjectTests.m in Sources */,
			);
			runOnlyForDeploymentPostprocessing = 0;
		};
/* End PBXSourcesBuildPhase section */

/* Begin PBXTargetDependency section */
		05F1668418290E6600DB51E7 /* PBXTargetDependency */ = {
			isa = PBXTargetDependency;
			target = 05F1665C18290E6500DB51E7 /* ColorPaletteProject */;
			targetProxy = 05F1668318290E6600DB51E7 /* PBXContainerItemProxy */;
		};
/* End PBXTargetDependency section */

/* Begin PBXVariantGroup section */
		05F1666918290E6600DB51E7 /* InfoPlist.strings */ = {
			isa = PBXVariantGroup;
			children = (
				05F1666A18290E6600DB51E7 /* en */,
			);
			name = InfoPlist.strings;
			sourceTree = "<group>";
		};
		05F1667218290E6600DB51E7 /* Main.storyboard */ = {
			isa = PBXVariantGroup;
			children = (
				05F1667318290E6600DB51E7 /* Base */,
			);
			name = Main.storyboard;
			sourceTree = "<group>";
		};
		05F1668818290E6600DB51E7 /* InfoPlist.strings */ = {
			isa = PBXVariantGroup;
			children = (
				05F1668918290E6600DB51E7 /* en */,
			);
			name = InfoPlist.strings;
			sourceTree = "<group>";
		};
/* End PBXVariantGroup section */

/* Begin XCBuildConfiguration section */
		05F1668D18290E6600DB51E7 /* Debug */ = {
			isa = XCBuildConfiguration;
			buildSettings = {
				ALWAYS_SEARCH_USER_PATHS = NO;
				ARCHS = "$(ARCHS_STANDARD_INCLUDING_64_BIT)";
				CLANG_CXX_LANGUAGE_STANDARD = "gnu++0x";
				CLANG_CXX_LIBRARY = "libc++";
				CLANG_ENABLE_MODULES = YES;
				CLANG_ENABLE_OBJC_ARC = YES;
				CLANG_WARN_BOOL_CONVERSION = YES;
				CLANG_WARN_CONSTANT_CONVERSION = YES;
				CLANG_WARN_DIRECT_OBJC_ISA_USAGE = YES_ERROR;
				CLANG_WARN_EMPTY_BODY = YES;
				CLANG_WARN_ENUM_CONVERSION = YES;
				CLANG_WARN_INT_CONVERSION = YES;
				CLANG_WARN_OBJC_ROOT_CLASS = YES_ERROR;
				CLANG_WARN__DUPLICATE_METHOD_MATCH = YES;
				"CODE_SIGN_IDENTITY[sdk=iphoneos*]" = "iPhone Developer";
				COPY_PHASE_STRIP = NO;
				GCC_C_LANGUAGE_STANDARD = gnu99;
				GCC_DYNAMIC_NO_PIC = NO;
				GCC_OPTIMIZATION_LEVEL = 0;
				GCC_PREPROCESSOR_DEFINITIONS = (
					"DEBUG=1",
					"$(inherited)",
				);
				GCC_SYMBOLS_PRIVATE_EXTERN = NO;
				GCC_WARN_64_TO_32_BIT_CONVERSION = YES;
				GCC_WARN_ABOUT_RETURN_TYPE = YES_ERROR;
				GCC_WARN_UNDECLARED_SELECTOR = YES;
				GCC_WARN_UNINITIALIZED_AUTOS = YES;
				GCC_WARN_UNUSED_FUNCTION = YES;
				GCC_WARN_UNUSED_VARIABLE = YES;
				IPHONEOS_DEPLOYMENT_TARGET = 7.0;
				ONLY_ACTIVE_ARCH = YES;
				SDKROOT = iphoneos;
			};
			name = Debug;
		};
		05F1668E18290E6600DB51E7 /* Release */ = {
			isa = XCBuildConfiguration;
			buildSettings = {
				ALWAYS_SEARCH_USER_PATHS = NO;
				ARCHS = "$(ARCHS_STANDARD_INCLUDING_64_BIT)";
				CLANG_CXX_LANGUAGE_STANDARD = "gnu++0x";
				CLANG_CXX_LIBRARY = "libc++";
				CLANG_ENABLE_MODULES = YES;
				CLANG_ENABLE_OBJC_ARC = YES;
				CLANG_WARN_BOOL_CONVERSION = YES;
				CLANG_WARN_CONSTANT_CONVERSION = YES;
				CLANG_WARN_DIRECT_OBJC_ISA_USAGE = YES_ERROR;
				CLANG_WARN_EMPTY_BODY = YES;
				CLANG_WARN_ENUM_CONVERSION = YES;
				CLANG_WARN_INT_CONVERSION = YES;
				CLANG_WARN_OBJC_ROOT_CLASS = YES_ERROR;
				CLANG_WARN__DUPLICATE_METHOD_MATCH = YES;
				"CODE_SIGN_IDENTITY[sdk=iphoneos*]" = "iPhone Developer";
				COPY_PHASE_STRIP = YES;
				ENABLE_NS_ASSERTIONS = NO;
				GCC_C_LANGUAGE_STANDARD = gnu99;
				GCC_WARN_64_TO_32_BIT_CONVERSION = YES;
				GCC_WARN_ABOUT_RETURN_TYPE = YES_ERROR;
				GCC_WARN_UNDECLARED_SELECTOR = YES;
				GCC_WARN_UNINITIALIZED_AUTOS = YES;
				GCC_WARN_UNUSED_FUNCTION = YES;
				GCC_WARN_UNUSED_VARIABLE = YES;
				IPHONEOS_DEPLOYMENT_TARGET = 7.0;
				SDKROOT = iphoneos;
				VALIDATE_PRODUCT = YES;
			};
			name = Release;
		};
		05F1669018290E6600DB51E7 /* Debug */ = {
			isa = XCBuildConfiguration;
			buildSettings = {
				ASSETCATALOG_COMPILER_APPICON_NAME = AppIcon;
				ASSETCATALOG_COMPILER_LAUNCHIMAGE_NAME = LaunchImage;
				GCC_PRECOMPILE_PREFIX_HEADER = YES;
				GCC_PREFIX_HEADER = "ColorPaletteProject/ColorPaletteProject-Prefix.pch";
				INFOPLIST_FILE = "ColorPaletteProject/ColorPaletteProject-Info.plist";
				PRODUCT_NAME = "$(TARGET_NAME)";
				WRAPPER_EXTENSION = app;
			};
			name = Debug;
		};
		05F1669118290E6600DB51E7 /* Release */ = {
			isa = XCBuildConfiguration;
			buildSettings = {
				ASSETCATALOG_COMPILER_APPICON_NAME = AppIcon;
				ASSETCATALOG_COMPILER_LAUNCHIMAGE_NAME = LaunchImage;
				GCC_PRECOMPILE_PREFIX_HEADER = YES;
				GCC_PREFIX_HEADER = "ColorPaletteProject/ColorPaletteProject-Prefix.pch";
				INFOPLIST_FILE = "ColorPaletteProject/ColorPaletteProject-Info.plist";
				PRODUCT_NAME = "$(TARGET_NAME)";
				WRAPPER_EXTENSION = app;
			};
			name = Release;
		};
		05F1669318290E6600DB51E7 /* Debug */ = {
			isa = XCBuildConfiguration;
			buildSettings = {
				ARCHS = "$(ARCHS_STANDARD_INCLUDING_64_BIT)";
				BUNDLE_LOADER = "$(BUILT_PRODUCTS_DIR)/ColorPaletteProject.app/ColorPaletteProject";
				FRAMEWORK_SEARCH_PATHS = (
					"$(SDKROOT)/Developer/Library/Frameworks",
					"$(inherited)",
					"$(DEVELOPER_FRAMEWORKS_DIR)",
				);
				GCC_PRECOMPILE_PREFIX_HEADER = YES;
				GCC_PREFIX_HEADER = "ColorPaletteProject/ColorPaletteProject-Prefix.pch";
				GCC_PREPROCESSOR_DEFINITIONS = (
					"DEBUG=1",
					"$(inherited)",
				);
				INFOPLIST_FILE = "ColorPaletteProjectTests/ColorPaletteProjectTests-Info.plist";
				PRODUCT_NAME = "$(TARGET_NAME)";
				TEST_HOST = "$(BUNDLE_LOADER)";
				WRAPPER_EXTENSION = xctest;
			};
			name = Debug;
		};
		05F1669418290E6600DB51E7 /* Release */ = {
			isa = XCBuildConfiguration;
			buildSettings = {
				ARCHS = "$(ARCHS_STANDARD_INCLUDING_64_BIT)";
				BUNDLE_LOADER = "$(BUILT_PRODUCTS_DIR)/ColorPaletteProject.app/ColorPaletteProject";
				FRAMEWORK_SEARCH_PATHS = (
					"$(SDKROOT)/Developer/Library/Frameworks",
					"$(inherited)",
					"$(DEVELOPER_FRAMEWORKS_DIR)",
				);
				GCC_PRECOMPILE_PREFIX_HEADER = YES;
				GCC_PREFIX_HEADER = "ColorPaletteProject/ColorPaletteProject-Prefix.pch";
				INFOPLIST_FILE = "ColorPaletteProjectTests/ColorPaletteProjectTests-Info.plist";
				PRODUCT_NAME = "$(TARGET_NAME)";
				TEST_HOST = "$(BUNDLE_LOADER)";
				WRAPPER_EXTENSION = xctest;
			};
			name = Release;
		};
/* End XCBuildConfiguration section */

/* Begin XCConfigurationList section */
		05F1665818290E6500DB51E7 /* Build configuration list for PBXProject "ColorPaletteProject" */ = {
			isa = XCConfigurationList;
			buildConfigurations = (
				05F1668D18290E6600DB51E7 /* Debug */,
				05F1668E18290E6600DB51E7 /* Release */,
			);
			defaultConfigurationIsVisible = 0;
			defaultConfigurationName = Release;
		};
		05F1668F18290E6600DB51E7 /* Build configuration list for PBXNativeTarget "ColorPaletteProject" */ = {
			isa = XCConfigurationList;
			buildConfigurations = (
				05F1669018290E6600DB51E7 /* Debug */,
				05F1669118290E6600DB51E7 /* Release */,
			);
			defaultConfigurationIsVisible = 0;
		};
		05F1669218290E6600DB51E7 /* Build configuration list for PBXNativeTarget "ColorPaletteProjectTests" */ = {
			isa = XCConfigurationList;
			buildConfigurations = (
				05F1669318290E6600DB51E7 /* Debug */,
				05F1669418290E6600DB51E7 /* Release */,
			);
			defaultConfigurationIsVisible = 0;
		};
/* End XCConfigurationList section */
	};
	rootObject = 05F1665518290E6500DB51E7 /* Project object */;
}
